{
  "name": "advent-of-code",
  "version": "1.0.0",
  "lockfileVersion": 3,
  "requires": true,
  "packages": {
    "": {
      "name": "advent-of-code",
      "dependencies": {
        "lodash": "^4.17.21",
        "workerpool": "^8.0.0"
      },
      "devDependencies": {
        "@types/lodash": "^4.14.202",
        "@types/node": "^20.10.3",
        "@types/workerpool": "^6.4.7"
      }
    },
    "node_modules/@types/lodash": {
      "version": "4.14.202",
      "resolved": "https://registry.npmjs.org/@types/lodash/-/lodash-4.14.202.tgz",
      "integrity": "sha512-OvlIYQK9tNneDlS0VN54LLd5uiPCBOp7gS5Z0f1mjoJYBrtStzgmJBxONW3U6OZqdtNzZPmn9BS/7WI7BFFcFQ==",
      "dev": true
    },
    "node_modules/@types/node": {
      "version": "20.10.3",
      "resolved": "https://registry.npmjs.org/@types/node/-/node-20.10.3.tgz",
      "integrity": "sha512-XJavIpZqiXID5Yxnxv3RUDKTN5b81ddNC3ecsA0SoFXz/QU8OGBwZGMomiq0zw+uuqbL/krztv/DINAQ/EV4gg==",
      "dev": true,
      "dependencies": {
        "undici-types": "~5.26.4"
      }
    },
    "node_modules/@types/workerpool": {
      "version": "6.4.7",
      "resolved": "https://registry.npmjs.org/@types/workerpool/-/workerpool-6.4.7.tgz",
      "integrity": "sha512-DI2U4obcMzFViyNjLw0xXspim++qkAJ4BWRdYPVMMFtOpTvMr6PAk3UTZEoSqnZnvgUkJ3ck97Ybk+iIfuJHMg==",
      "dev": true,
      "dependencies": {
        "@types/node": "*"
      }
    },
    "node_modules/lodash": {
      "version": "4.17.21",
      "resolved": "https://registry.npmjs.org/lodash/-/lodash-4.17.21.tgz",
      "integrity": "sha512-v2kDEe57lecTulaDIuNTPy3Ry4gLGJ6Z1O3vE1krgXZNrsQ+LFTGHVxVjcXPs17LhbZVGedAJv8XZ1tvj5FvSg=="
    },
    "node_modules/undici-types": {
      "version": "5.26.5",
      "resolved": "https://registry.npmjs.org/undici-types/-/undici-types-5.26.5.tgz",
      "integrity": "sha512-JlCMO+ehdEIKqlFxk6IfVoAUVmgz7cU7zD/h9XZ0qzeosSHmUJVOzSQvvYSYWXkFXC+IfLKSIffhv0sVZup6pA==",
      "dev": true
    },
    "node_modules/workerpool": {
      "version": "8.0.0",
      "resolved": "https://registry.npmjs.org/workerpool/-/workerpool-8.0.0.tgz",
      "integrity": "sha512-aoLtwqMXoYVA1JV+t8uCLo7sXkF4Q1Ijrn7954X2IVyysk2bv2Il7C9sVJH8xk9xJAL0FNgR+hPOhmvnMk/P5Q=="
    }
  }
}
